// !$*UTF8*$!
{
	archiveVersion = 1;
	classes = {
	};
	objectVersion = 48;
	objects = {

/* Begin PBXBuildFile section */
		8F328A6D20184CA300ABBBD9 /* AppDelegate.swift in Sources */ = {isa = PBXBuildFile; fileRef = 8F328A6C20184CA300ABBBD9 /* AppDelegate.swift */; };
		8F328A6F20184CA300ABBBD9 /* ViewController.swift in Sources */ = {isa = PBXBuildFile; fileRef = 8F328A6E20184CA300ABBBD9 /* ViewController.swift */; };
		8F328A7120184CA300ABBBD9 /* Assets.xcassets in Resources */ = {isa = PBXBuildFile; fileRef = 8F328A7020184CA300ABBBD9 /* Assets.xcassets */; };
		8F328A7420184CA300ABBBD9 /* Main.storyboard in Resources */ = {isa = PBXBuildFile; fileRef = 8F328A7220184CA300ABBBD9 /* Main.storyboard */; };
/* End PBXBuildFile section */

/* Begin PBXFileReference section */
		8F328A6920184CA300ABBBD9 /* KakuteiShinkoku.app */ = {isa = PBXFileReference; explicitFileType = wrapper.application; includeInIndex = 0; path = KakuteiShinkoku.app; sourceTree = BUILT_PRODUCTS_DIR; };
		8F328A6C20184CA300ABBBD9 /* AppDelegate.swift */ = {isa = PBXFileReference; lastKnownFileType = sourcecode.swift; path = AppDelegate.swift; sourceTree = "<group>"; };
		8F328A6E20184CA300ABBBD9 /* ViewController.swift */ = {isa = PBXFileReference; lastKnownFileType = sourcecode.swift; path = ViewController.swift; sourceTree = "<group>"; };
		8F328A7020184CA300ABBBD9 /* Assets.xcassets */ = {isa = PBXFileReference; lastKnownFileType = folder.assetcatalog; path = Assets.xcassets; sourceTree = "<group>"; };
		8F328A7320184CA300ABBBD9 /* Base */ = {isa = PBXFileReference; lastKnownFileType = file.storyboard; name = Base; path = Base.lproj/Main.storyboard; sourceTree = "<group>"; };
		8F328A7520184CA300ABBBD9 /* Info.plist */ = {isa = PBXFileReference; lastKnownFileType = text.plist.xml; path = Info.plist; sourceTree = "<group>"; };
		8F328A7620184CA300ABBBD9 /* KakuteiShinkoku.entitlements */ = {isa = PBXFileReference; lastKnownFileType = text.plist.entitlements; path = KakuteiShinkoku.entitlements; sourceTree = "<group>"; };
/* End PBXFileReference section */

/* Begin PBXFrameworksBuildPhase section */
		8F328A6620184CA300ABBBD9 /* Frameworks */ = {
			isa = PBXFrameworksBuildPhase;
			buildActionMask = 2147483647;
			files = (
			);
			runOnlyForDeploymentPostprocessing = 0;
		};
/* End PBXFrameworksBuildPhase section */

/* Begin PBXGroup section */
		8F328A6020184CA300ABBBD9 = {
			isa = PBXGroup;
			children = (
				8F328A6B20184CA300ABBBD9 /* KakuteiShinkoku */,
				8F328A6A20184CA300ABBBD9 /* Products */,
			);
			sourceTree = "<group>";
		};
		8F328A6A20184CA300ABBBD9 /* Products */ = {
			isa = PBXGroup;
			children = (
				8F328A6920184CA300ABBBD9 /* KakuteiShinkoku.app */,
			);
			name = Products;
			sourceTree = "<group>";
		};
		8F328A6B20184CA300ABBBD9 /* KakuteiShinkoku */ = {
			isa = PBXGroup;
			children = (
				8F328A6C20184CA300ABBBD9 /* AppDelegate.swift */,
				8F328A6E20184CA300ABBBD9 /* ViewController.swift */,
				8F328A7020184CA300ABBBD9 /* Assets.xcassets */,
				8F328A7220184CA300ABBBD9 /* Main.storyboard */,
				8F328A7520184CA300ABBBD9 /* Info.plist */,
				8F328A7620184CA300ABBBD9 /* KakuteiShinkoku.entitlements */,
			);
			path = KakuteiShinkoku;
			sourceTree = "<group>";
		};
/* End PBXGroup section */

/* Begin PBXNativeTarget section */
		8F328A6820184CA300ABBBD9 /* KakuteiShinkoku */ = {
			isa = PBXNativeTarget;
			buildConfigurationList = 8F328A7920184CA300ABBBD9 /* Build configuration list for PBXNativeTarget "KakuteiShinkoku" */;
			buildPhases = (
				8F328A6520184CA300ABBBD9 /* Sources */,
				8F328A6620184CA300ABBBD9 /* Frameworks */,
				8F328A6720184CA300ABBBD9 /* Resources */,
			);
			buildRules = (
			);
			dependencies = (
			);
			name = KakuteiShinkoku;
			productName = KakuteiShinkoku;
			productReference = 8F328A6920184CA300ABBBD9 /* KakuteiShinkoku.app */;
			productType = "com.apple.product-type.application";
		};
/* End PBXNativeTarget section */

/* Begin PBXProject section */
		8F328A6120184CA300ABBBD9 /* Project object */ = {
			isa = PBXProject;
			attributes = {
				LastSwiftUpdateCheck = 0920;
				LastUpgradeCheck = 0920;
				ORGANIZATIONNAME = "Takuya Mukohira";
				TargetAttributes = {
					8F328A6820184CA300ABBBD9 = {
						CreatedOnToolsVersion = 9.2;
						ProvisioningStyle = Automatic;
					};
				};
			};
			buildConfigurationList = 8F328A6420184CA300ABBBD9 /* Build configuration list for PBXProject "KakuteiShinkoku" */;
			compatibilityVersion = "Xcode 8.0";
			developmentRegion = en;
			hasScannedForEncodings = 0;
			knownRegions = (
				en,
				Base,
			);
			mainGroup = 8F328A6020184CA300ABBBD9;
			productRefGroup = 8F328A6A20184CA300ABBBD9 /* Products */;
			projectDirPath = "";
			projectRoot = "";
			targets = (
				8F328A6820184CA300ABBBD9 /* KakuteiShinkoku */,
			);
		};
/* End PBXProject section */

/* Begin PBXResourcesBuildPhase section */
		8F328A6720184CA300ABBBD9 /* Resources */ = {
			isa = PBXResourcesBuildPhase;
			buildActionMask = 2147483647;
			files = (
				8F328A7120184CA300ABBBD9 /* Assets.xcassets in Resources */,
				8F328A7420184CA300ABBBD9 /* Main.storyboard in Resources */,
			);
			runOnlyForDeploymentPostprocessing = 0;
		};
/* End PBXResourcesBuildPhase section */

/* Begin PBXSourcesBuildPhase section */
		8F328A6520184CA300ABBBD9 /* Sources */ = {
			isa = PBXSourcesBuildPhase;
			buildActionMask = 2147483647;
			files = (
				8F328A6F20184CA300ABBBD9 /* ViewController.swift in Sources */,
				8F328A6D20184CA300ABBBD9 /* AppDelegate.swift in Sources */,
			);
			runOnlyForDeploymentPostprocessing = 0;
		};
/* End PBXSourcesBuildPhase section */

/* Begin PBXVariantGroup section */
		8F328A7220184CA300ABBBD9 /* Main.storyboard */ = {
			isa = PBXVariantGroup;
			children = (
				8F328A7320184CA300ABBBD9 /* Base */,
			);
			name = Main.storyboard;
			sourceTree = "<group>";
		};
/* End PBXVariantGroup section */

/* Begin XCBuildConfiguration section */
		8F328A7720184CA300ABBBD9 /* Debug */ = {
			isa = XCBuildConfiguration;
			buildSettings = {
				ALWAYS_SEARCH_USER_PATHS = NO;
				CLANG_ANALYZER_NONNULL = YES;
				CLANG_ANALYZER_NUMBER_OBJECT_CONVERSION = YES_AGGRESSIVE;
				CLANG_CXX_LANGUAGE_STANDARD = "gnu++14";
				CLANG_CXX_LIBRARY = "libc++";
				CLANG_ENABLE_MODULES = YES;
				CLANG_ENABLE_OBJC_ARC = YES;
				CLANG_WARN_BLOCK_CAPTURE_AUTORELEASING = YES;
				CLANG_WARN_BOOL_CONVERSION = YES;
				CLANG_WARN_COMMA = YES;
				CLANG_WARN_CONSTANT_CONVERSION = YES;
				CLANG_WARN_DIRECT_OBJC_ISA_USAGE = YES_ERROR;
				CLANG_WARN_DOCUMENTATION_COMMENTS = YES;
				CLANG_WARN_EMPTY_BODY = YES;
				CLANG_WARN_ENUM_CONVERSION = YES;
				CLANG_WARN_INFINITE_RECURSION = YES;
				CLANG_WARN_INT_CONVERSION = YES;
				CLANG_WARN_NON_LITERAL_NULL_CONVERSION = YES;
				CLANG_WARN_OBJC_LITERAL_CONVERSION = YES;
				CLANG_WARN_OBJC_ROOT_CLASS = YES_ERROR;
				CLANG_WARN_RANGE_LOOP_ANALYSIS = YES;
				CLANG_WARN_STRICT_PROTOTYPES = YES;
				CLANG_WARN_SUSPICIOUS_MOVE = YES;
				CLANG_WARN_UNGUARDED_AVAILABILITY = YES_AGGRESSIVE;
				CLANG_WARN_UNREACHABLE_CODE = YES;
				CLANG_WARN__DUPLICATE_METHOD_MATCH = YES;
				CODE_SIGN_IDENTITY = "Mac Developer";
				COPY_PHASE_STRIP = NO;
				DEBUG_INFORMATION_FORMAT = dwarf;
				ENABLE_STRICT_OBJC_MSGSEND = YES;
				ENABLE_TESTABILITY = YES;
				GCC_C_LANGUAGE_STANDARD = gnu11;
				GCC_DYNAMIC_NO_PIC = NO;
				GCC_NO_COMMON_BLOCKS = YES;
				GCC_OPTIMIZATION_LEVEL = 0;
				GCC_PREPROCESSOR_DEFINITIONS = (
					"DEBUG=1",
					"$(inherited)",
				);
				GCC_WARN_64_TO_32_BIT_CONVERSION = YES;
				GCC_WARN_ABOUT_RETURN_TYPE = YES_ERROR;
				GCC_WARN_UNDECLARED_SELECTOR = YES;
				GCC_WARN_UNINITIALIZED_AUTOS = YES_AGGRESSIVE;
				GCC_WARN_UNUSED_FUNCTION = YES;
				GCC_WARN_UNUSED_VARIABLE = YES;
				MACOSX_DEPLOYMENT_TARGET = 10.13;
				MTL_ENABLE_DEBUG_INFO = YES;
				ONLY_ACTIVE_ARCH = YES;
				SDKROOT = macosx;
				SWIFT_ACTIVE_COMPILATION_CONDITIONS = DEBUG;
				SWIFT_OPTIMIZATION_LEVEL = "-Onone";
			};
			name = Debug;
		};
		8F328A7820184CA300ABBBD9 /* Release */ = {
			isa = XCBuildConfiguration;
			buildSettings = {
				ALWAYS_SEARCH_USER_PATHS = NO;
				CLANG_ANALYZER_NONNULL = YES;
				CLANG_ANALYZER_NUMBER_OBJECT_CONVERSION = YES_AGGRESSIVE;
				CLANG_CXX_LANGUAGE_STANDARD = "gnu++14";
				CLANG_CXX_LIBRARY = "libc++";
				CLANG_ENABLE_MODULES = YES;
				CLANG_ENABLE_OBJC_ARC = YES;
				CLANG_WARN_BLOCK_CAPTURE_AUTORELEASING = YES;
				CLANG_WARN_BOOL_CONVERSION = YES;
				CLANG_WARN_COMMA = YES;
				CLANG_WARN_CONSTANT_CONVERSION = YES;
				CLANG_WARN_DIRECT_OBJC_ISA_USAGE = YES_ERROR;
				CLANG_WARN_DOCUMENTATION_COMMENTS = YES;
				CLANG_WARN_EMPTY_BODY = YES;
				CLANG_WARN_ENUM_CONVERSION = YES;
				CLANG_WARN_INFINITE_RECURSION = YES;
				CLANG_WARN_INT_CONVERSION = YES;
				CLANG_WARN_NON_LITERAL_NULL_CONVERSION = YES;
				CLANG_WARN_OBJC_LITERAL_CONVERSION = YES;
				CLANG_WARN_OBJC_ROOT_CLASS = YES_ERROR;
				CLANG_WARN_RANGE_LOOP_ANALYSIS = YES;
				CLANG_WARN_STRICT_PROTOTYPES = YES;
				CLANG_WARN_SUSPICIOUS_MOVE = YES;
				CLANG_WARN_UNGUARDED_AVAILABILITY = YES_AGGRESSIVE;
				CLANG_WARN_UNREACHABLE_CODE = YES;
				CLANG_WARN__DUPLICATE_METHOD_MATCH = YES;
				CODE_SIGN_IDENTITY = "Mac Developer";
				COPY_PHASE_STRIP = NO;
				DEBUG_INFORMATION_FORMAT = "dwarf-with-dsym";
				ENABLE_NS_ASSERTIONS = NO;
				ENABLE_STRICT_OBJC_MSGSEND = YES;
				GCC_C_LANGUAGE_STANDARD = gnu11;
				GCC_NO_COMMON_BLOCKS = YES;
				GCC_WARN_64_TO_32_BIT_CONVERSION = YES;
				GCC_WARN_ABOUT_RETURN_TYPE = YES_ERROR;
				GCC_WARN_UNDECLARED_SELECTOR = YES;
				GCC_WARN_UNINITIALIZED_AUTOS = YES_AGGRESSIVE;
				GCC_WARN_UNUSED_FUNCTION = YES;
				GCC_WARN_UNUSED_VARIABLE = YES;
				MACOSX_DEPLOYMENT_TARGET = 10.13;
				MTL_ENABLE_DEBUG_INFO = NO;
				SDKROOT = macosx;
				SWIFT_OPTIMIZATION_LEVEL = "-Owholemodule";
			};
			name = Release;
		};
		8F328A7A20184CA300ABBBD9 /* Debug */ = {
			isa = XCBuildConfiguration;
			buildSettings = {
				ASSETCATALOG_COMPILER_APPICON_NAME = AppIcon;
				CODE_SIGN_ENTITLEMENTS = KakuteiShinkoku/KakuteiShinkoku.entitlements;
				CODE_SIGN_STYLE = Automatic;
				COMBINE_HIDPI_IMAGES = YES;
				DEVELOPMENT_TEAM = B5B8CSKNZ7;
				INFOPLIST_FILE = KakuteiShinkoku/Info.plist;
				LD_RUNPATH_SEARCH_PATHS = "$(inherited) @executable_path/../Frameworks";
				PRODUCT_BUNDLE_IDENTIFIER = net.mktakuya.KakuteiShinkoku;
				PRODUCT_NAME = "$(TARGET_NAME)";
				SWIFT_VERSION = 4.0;
			};
			name = Debug;
		};
		8F328A7B20184CA300ABBBD9 /* Release */ = {
			isa = XCBuildConfiguration;
			buildSettings = {
				ASSETCATALOG_COMPILER_APPICON_NAME = AppIcon;
				CODE_SIGN_ENTITLEMENTS = KakuteiShinkoku/KakuteiShinkoku.entitlements;
				CODE_SIGN_STYLE = Automatic;
				COMBINE_HIDPI_IMAGES = YES;
				DEVELOPMENT_TEAM = B5B8CSKNZ7;
				INFOPLIST_FILE = KakuteiShinkoku/Info.plist;
				LD_RUNPATH_SEARCH_PATHS = "$(inherited) @executable_path/../Frameworks";
				PRODUCT_BUNDLE_IDENTIFIER = net.mktakuya.KakuteiShinkoku;
				PRODUCT_NAME = "$(TARGET_NAME)";
				SWIFT_VERSION = 4.0;
			};
			name = Release;
		};
/* End XCBuildConfiguration section */

/* Begin XCConfigurationList section */
		8F328A6420184CA300ABBBD9 /* Build configuration list for PBXProject "KakuteiShinkoku" */ = {
			isa = XCConfigurationList;
			buildConfigurations = (
				8F328A7720184CA300ABBBD9 /* Debug */,
				8F328A7820184CA300ABBBD9 /* Release */,
			);
			defaultConfigurationIsVisible = 0;
			defaultConfigurationName = Release;
		};
		8F328A7920184CA300ABBBD9 /* Build configuration list for PBXNativeTarget "KakuteiShinkoku" */ = {
			isa = XCConfigurationList;
			buildConfigurations = (
				8F328A7A20184CA300ABBBD9 /* Debug */,
				8F328A7B20184CA300ABBBD9 /* Release */,
			);
			defaultConfigurationIsVisible = 0;
			defaultConfigurationName = Release;
		};
/* End XCConfigurationList section */
	};
	rootObject = 8F328A6120184CA300ABBBD9 /* Project object */;
}
